
Microsoft Visual Studio Solution File, Format Version 12.00
# Visual Studio Version 17
VisualStudioVersion = 17.6.33815.320
MinimumVisualStudioVersion = 10.0.40219.1
Project("{FAE04EC0-301F-11D3-BF4B-00C04F79EFBC}") = "SchoolDatabase", "SchoolDatabase\SchoolDatabase.csproj", "{B7B055EE-EFB7-4871-9283-F9131BCBB570}"
EndProject
Global
	GlobalSection(SolutionConfigurationPlatforms) = preSolution
		Debug|Any CPU = Debug|Any CPU
		Release|Any CPU = Release|Any CPU
	EndGlobalSection
	GlobalSection(ProjectConfigurationPlatforms) = postSolution
		{B7B055EE-EFB7-4871-9283-F9131BCBB570}.Debug|Any CPU.ActiveCfg = Debug|Any CPU
		{B7B055EE-EFB7-4871-9283-F9131BCBB570}.Debug|Any CPU.Build.0 = Debug|Any CPU
		{B7B055EE-EFB7-4871-9283-F9131BCBB570}.Release|Any CPU.ActiveCfg = Release|Any CPU
		{B7B055EE-EFB7-4871-9283-F9131BCBB570}.Release|Any CPU.Build.0 = Release|Any CPU
	EndGlobalSection
	GlobalSection(SolutionProperties) = preSolution
		HideSolutionNode = FALSE
	EndGlobalSection
	GlobalSection(ExtensibilityGlobals) = postSolution
		SolutionGuid = {12CB822E-F620-491A-B4E4-2BE838130173}
	EndGlobalSection
EndGlobal
